
Microsoft Visual Studio Solution File, Format Version 12.00
# Visual Studio Version 16
VisualStudioVersion = 16.0.30717.126
MinimumVisualStudioVersion = 10.0.40219.1
Project("{FAE04EC0-301F-11D3-BF4B-00C04F79EFBC}") = "ch03-for-loop", "ch03-for-loop\ch03-for-loop.csproj", "{F414E368-2FF4-4B6F-AA1B-51277286FF7A}"
EndProject
Global
	GlobalSection(SolutionConfigurationPlatforms) = preSolution
		Debug|Any CPU = Debug|Any CPU
		Release|Any CPU = Release|Any CPU
	EndGlobalSection
	GlobalSection(ProjectConfigurationPlatforms) = postSolution
		{F414E368-2FF4-4B6F-AA1B-51277286FF7A}.Debug|Any CPU.ActiveCfg = Debug|Any CPU
		{F414E368-2FF4-4B6F-AA1B-51277286FF7A}.Debug|Any CPU.Build.0 = Debug|Any CPU
		{F414E368-2FF4-4B6F-AA1B-51277286FF7A}.Release|Any CPU.ActiveCfg = Release|Any CPU
		{F414E368-2FF4-4B6F-AA1B-51277286FF7A}.Release|Any CPU.Build.0 = Release|Any CPU
	EndGlobalSection
	GlobalSection(SolutionProperties) = preSolution
		HideSolutionNode = FALSE
	EndGlobalSection
	GlobalSection(ExtensibilityGlobals) = postSolution
		SolutionGuid = {B405ACC6-D40E-4577-B9C1-21A16857EE34}
	EndGlobalSection
EndGlobal
