
Microsoft Visual Studio Solution File, Format Version 12.00
# Visual Studio Version 16
VisualStudioVersion = 16.0.30717.126
MinimumVisualStudioVersion = 10.0.40219.1
Project("{FAE04EC0-301F-11D3-BF4B-00C04F79EFBC}") = "ch2_project1_student_registration.Project", "ch2_project1_student_registration.Project\ch2_project1_student_registration.Project.csproj", "{0260595F-8E12-488B-B7CA-B0C685860FA5}"
EndProject
Global
	GlobalSection(SolutionConfigurationPlatforms) = preSolution
		Debug|Any CPU = Debug|Any CPU
		Release|Any CPU = Release|Any CPU
	EndGlobalSection
	GlobalSection(ProjectConfigurationPlatforms) = postSolution
		{0260595F-8E12-488B-B7CA-B0C685860FA5}.Debug|Any CPU.ActiveCfg = Debug|Any CPU
		{0260595F-8E12-488B-B7CA-B0C685860FA5}.Debug|Any CPU.Build.0 = Debug|Any CPU
		{0260595F-8E12-488B-B7CA-B0C685860FA5}.Release|Any CPU.ActiveCfg = Release|Any CPU
		{0260595F-8E12-488B-B7CA-B0C685860FA5}.Release|Any CPU.Build.0 = Release|Any CPU
	EndGlobalSection
	GlobalSection(SolutionProperties) = preSolution
		HideSolutionNode = FALSE
	EndGlobalSection
	GlobalSection(ExtensibilityGlobals) = postSolution
		SolutionGuid = {00CC0907-9293-4CD0-97C9-81150AB49CDD}
	EndGlobalSection
EndGlobal
