
Microsoft Visual Studio Solution File, Format Version 12.00
# Visual Studio Version 16
VisualStudioVersion = 16.0.30717.126
MinimumVisualStudioVersion = 10.0.40219.1
Project("{FAE04EC0-301F-11D3-BF4B-00C04F79EFBC}") = "HelloWorld.Program", "HelloWorld.Program\HelloWorld.Program.csproj", "{A23CA74F-6100-493F-B2FD-8E71ABD5AC9E}"
EndProject
Global
	GlobalSection(SolutionConfigurationPlatforms) = preSolution
		Debug|Any CPU = Debug|Any CPU
		Release|Any CPU = Release|Any CPU
	EndGlobalSection
	GlobalSection(ProjectConfigurationPlatforms) = postSolution
		{A23CA74F-6100-493F-B2FD-8E71ABD5AC9E}.Debug|Any CPU.ActiveCfg = Debug|Any CPU
		{A23CA74F-6100-493F-B2FD-8E71ABD5AC9E}.Debug|Any CPU.Build.0 = Debug|Any CPU
		{A23CA74F-6100-493F-B2FD-8E71ABD5AC9E}.Release|Any CPU.ActiveCfg = Release|Any CPU
		{A23CA74F-6100-493F-B2FD-8E71ABD5AC9E}.Release|Any CPU.Build.0 = Release|Any CPU
	EndGlobalSection
	GlobalSection(SolutionProperties) = preSolution
		HideSolutionNode = FALSE
	EndGlobalSection
	GlobalSection(ExtensibilityGlobals) = postSolution
		SolutionGuid = {765F188D-433E-4BD1-890B-4AA84F21DD29}
	EndGlobalSection
EndGlobal
