
Microsoft Visual Studio Solution File, Format Version 12.00
# Visual Studio Version 16
VisualStudioVersion = 16.0.30717.126
MinimumVisualStudioVersion = 10.0.40219.1
Project("{FAE04EC0-301F-11D3-BF4B-00C04F79EFBC}") = "ch03-random", "ch03-random\ch03-random.csproj", "{844008C2-B28A-4BF4-9940-757594E7AAE6}"
EndProject
Global
	GlobalSection(SolutionConfigurationPlatforms) = preSolution
		Debug|Any CPU = Debug|Any CPU
		Release|Any CPU = Release|Any CPU
	EndGlobalSection
	GlobalSection(ProjectConfigurationPlatforms) = postSolution
		{844008C2-B28A-4BF4-9940-757594E7AAE6}.Debug|Any CPU.ActiveCfg = Debug|Any CPU
		{844008C2-B28A-4BF4-9940-757594E7AAE6}.Debug|Any CPU.Build.0 = Debug|Any CPU
		{844008C2-B28A-4BF4-9940-757594E7AAE6}.Release|Any CPU.ActiveCfg = Release|Any CPU
		{844008C2-B28A-4BF4-9940-757594E7AAE6}.Release|Any CPU.Build.0 = Release|Any CPU
	EndGlobalSection
	GlobalSection(SolutionProperties) = preSolution
		HideSolutionNode = FALSE
	EndGlobalSection
	GlobalSection(ExtensibilityGlobals) = postSolution
		SolutionGuid = {1DD620FE-72FE-413E-BB93-4F96522F394B}
	EndGlobalSection
EndGlobal
